
Microsoft Visual Studio Solution File, Format Version 12.00
# Visual Studio Version 16
VisualStudioVersion = 16.0.29001.49
MinimumVisualStudioVersion = 10.0.40219.1
Project("{FAE04EC0-301F-11D3-BF4B-00C04F79EFBC}") = "my_repo_project", "my_repo_project.csproj", "{127F3467-D365-4841-A4C6-72A5EC2670D7}"
EndProject
Global
	GlobalSection(SolutionConfigurationPlatforms) = preSolution
		Debug|Any CPU = Debug|Any CPU
		Release|Any CPU = Release|Any CPU
	EndGlobalSection
	GlobalSection(ProjectConfigurationPlatforms) = postSolution
		{127F3467-D365-4841-A4C6-72A5EC2670D7}.Debug|Any CPU.ActiveCfg = Debug|Any CPU
		{127F3467-D365-4841-A4C6-72A5EC2670D7}.Debug|Any CPU.Build.0 = Debug|Any CPU
		{127F3467-D365-4841-A4C6-72A5EC2670D7}.Release|Any CPU.ActiveCfg = Release|Any CPU
		{127F3467-D365-4841-A4C6-72A5EC2670D7}.Release|Any CPU.Build.0 = Release|Any CPU
	EndGlobalSection
	GlobalSection(SolutionProperties) = preSolution
		HideSolutionNode = FALSE
	EndGlobalSection
	GlobalSection(ExtensibilityGlobals) = postSolution
		SolutionGuid = {1D094FC1-BEEB-41C8-BFCD-4DDA8378E073}
	EndGlobalSection
EndGlobal
